PODS:
  - YandexMobileMetrica (4.5.2):
    - YandexMobileMetrica/Static (= 4.5.2)
  - YandexMobileMetrica/Static (4.5.2):
    - YandexMobileMetrica/Static/Core (= 4.5.2)
    - YandexMobileMetrica/Static/Crashes (= 4.5.2)
  - YandexMobileMetrica/Static/Core (4.5.2)
  - YandexMobileMetrica/Static/Crashes (4.5.2):
    - YandexMobileMetrica/Static/Core

DEPENDENCIES:
  - YandexMobileMetrica

SPEC REPOS:
  trunk:
    - YandexMobileMetrica

SPEC CHECKSUMS:
  YandexMobileMetrica: f5368ee93f286c793d73b58da00929babfc897c1

PODFILE CHECKSUM: e06150603362febe3ce356d96c029b2318e1a6d3

COCOAPODS: 1.12.1
